
Microsoft Visual Studio Solution File, Format Version 12.00
# Visual Studio Version 17
VisualStudioVersion = 17.14.36429.23 d17.14
MinimumVisualStudioVersion = 10.0.40219.1
Project("{FAE04EC0-301F-11D3-BF4B-00C04F79EFBC}") = "Coding Tracker", "Coding Tracker\Coding Tracker.csproj", "{331E1DD5-7A11-4039-AA2E-3D7069788037}"
EndProject
Global
	GlobalSection(SolutionConfigurationPlatforms) = preSolution
		Debug|Any CPU = Debug|Any CPU
		Release|Any CPU = Release|Any CPU
	EndGlobalSection
	GlobalSection(ProjectConfigurationPlatforms) = postSolution
		{331E1DD5-7A11-4039-AA2E-3D7069788037}.Debug|Any CPU.ActiveCfg = Debug|Any CPU
		{331E1DD5-7A11-4039-AA2E-3D7069788037}.Debug|Any CPU.Build.0 = Debug|Any CPU
		{331E1DD5-7A11-4039-AA2E-3D7069788037}.Release|Any CPU.ActiveCfg = Release|Any CPU
		{331E1DD5-7A11-4039-AA2E-3D7069788037}.Release|Any CPU.Build.0 = Release|Any CPU
	EndGlobalSection
	GlobalSection(SolutionProperties) = preSolution
		HideSolutionNode = FALSE
	EndGlobalSection
	GlobalSection(ExtensibilityGlobals) = postSolution
		SolutionGuid = {601A778C-0B19-4430-A94A-6D7C4E13AA30}
	EndGlobalSection
EndGlobal
